# This file is autogenerated, do not edit; changes may be undone by the next 'dep ensure'.


[[projects]]
  branch = "master"
  name = "github.com/prometheus/client_golang"
  packages = ["api","api/prometheus/v1"]
  revision = "94ff84a9a6ebb5e6eb9172897c221a64df3443bc"

[[projects]]
  branch = "master"
  name = "github.com/prometheus/common"
  packages = ["model"]
  revision = "61f87aac8082fa8c3c5655c7608d7478d46ac2ad"

[solve-meta]
  analyzer-name = "dep"
  analyzer-version = 1
  inputs-digest = "1688bb6ab8f833b3dceb7c55dc8539e934302929f5d8e3c5c1013998ed2050d3"
  solver-name = "gps-cdcl"
  solver-version = 1
